
Microsoft Visual Studio Solution File, Format Version 12.00
# Visual Studio 14
VisualStudioVersion = 14.0.25420.1
MinimumVisualStudioVersion = 10.0.40219.1
Project("{2150E333-8FDC-42A3-9474-1A3956D46DE8}") = "src", "src", "{187AC294-0420-4726-808B-ED49148C0632}"
EndProject
Project("{2150E333-8FDC-42A3-9474-1A3956D46DE8}") = "Solution Items", "Solution Items", "{179A2A2C-3B3D-437C-B5F3-3B81472C8335}"
	ProjectSection(SolutionItems) = preProject
		global.json = global.json
	EndProjectSection
EndProject
Project("{8BB2217D-0F2D-49D1-97BC-3654ED321F3B}") = "Console Client Credentials Flow", "src\ConsoleClientCredentialsFlow\Console Client Credentials Flow.xproj", "{6729A51B-A7D9-43F3-8F48-D55478254AB7}"
EndProject
Project("{8BB2217D-0F2D-49D1-97BC-3654ED321F3B}") = "Constants", "src\Constants\Constants.xproj", "{2096C1D4-5C89-46D5-874A-66E78C9E5A98}"
EndProject
Project("{8BB2217D-0F2D-49D1-97BC-3654ED321F3B}") = "Console ResourceOwner Flow", "src\ConsoleResourceOwnerFlow\Console ResourceOwner Flow.xproj", "{9BFE1F4E-C2F4-49FC-917E-BE25C0F42D84}"
EndProject
Project("{8BB2217D-0F2D-49D1-97BC-3654ED321F3B}") = "Console ClientCredentials Flow PostBody", "src\ConsoleClientCredentialsFlowPostBody\Console ClientCredentials Flow PostBody.xproj", "{BEA2C25F-0551-4AFC-9961-7DB934724FF1}"
EndProject
Project("{8BB2217D-0F2D-49D1-97BC-3654ED321F3B}") = "Console ResourceOwner Flow RefreshToken", "src\ConsoleResourceOwnerFlowRefreshToken\Console ResourceOwner Flow RefreshToken.xproj", "{2952A3E3-8831-419B-B14C-448C409961A7}"
EndProject
Project("{8BB2217D-0F2D-49D1-97BC-3654ED321F3B}") = "Console ResourceOwner Flow UserInfo", "src\ConsoleResourceOwnerFlowUserInfo\Console ResourceOwner Flow UserInfo.xproj", "{120F561D-5670-4C80-8CAB-4D770204DC91}"
EndProject
Project("{2150E333-8FDC-42A3-9474-1A3956D46DE8}") = "API", "API", "{AFE7085F-051E-4829-955F-3426FE643BDD}"
EndProject
Project("{8BB2217D-0F2D-49D1-97BC-3654ED321F3B}") = "Console Introspection Client", "src\ConsoleIntrospectionClient\Console Introspection Client.xproj", "{395F9DF7-AE5A-403E-BE7A-4AF045B21BB3}"
EndProject
Project("{8BB2217D-0F2D-49D1-97BC-3654ED321F3B}") = "Console ResourceOwner Flow Reference", "src\ConsoleResourceOwnerFlowReference\Console ResourceOwner Flow Reference.xproj", "{0E9145DB-CC70-44F9-B52B-1D7D4C2B2E5F}"
EndProject
Project("{8BB2217D-0F2D-49D1-97BC-3654ED321F3B}") = "Console Custom Grant", "src\ConsoleCustomGrant\Console Custom Grant.xproj", "{546267CD-BE21-44E1-A06E-C7558864EE4F}"
EndProject
Project("{8BB2217D-0F2D-49D1-97BC-3654ED321F3B}") = "Mvc Implicit", "src\MvcImplicit\Mvc Implicit.xproj", "{05150B7D-54DB-40AB-8BBB-0C34ACC27CE5}"
EndProject
Project("{8BB2217D-0F2D-49D1-97BC-3654ED321F3B}") = "JavaScript OAuth2", "src\JsOAuth2\JavaScript OAuth2.xproj", "{DE109531-37EB-41AB-A228-F93A4B157475}"
EndProject
Project("{8BB2217D-0F2D-49D1-97BC-3654ED321F3B}") = "JavaScript Oidc", "src\JsOidc\JavaScript Oidc.xproj", "{A29115B9-30E4-4967-AD5A-C32394B8A64C}"
EndProject
Project("{8BB2217D-0F2D-49D1-97BC-3654ED321F3B}") = "SampleApi", "src\SampleApi\SampleApi.xproj", "{03D5E439-393F-4E03-BA8F-AD3462397B38}"
EndProject
Project("{8BB2217D-0F2D-49D1-97BC-3654ED321F3B}") = "Mvc Hybrid", "src\MvcHybrid\Mvc Hybrid.xproj", "{C48191D1-640C-4640-9AE3-832A8E426B10}"
EndProject
Project("{8BB2217D-0F2D-49D1-97BC-3654ED321F3B}") = "Console ResourceOwner Flow Public", "src\ConsoleResourceOwnerFlowPublic\Console ResourceOwner Flow Public.xproj", "{8648122C-EE91-4B3B-98CD-355C3F1B9FDF}"
EndProject
Project("{FAE04EC0-301F-11D3-BF4B-00C04F79EFBC}") = "Console Hybrid Flow with PKCE", "src\ConsoleHybridFlowWithPkce\Console Hybrid Flow with PKCE.csproj", "{47C6EA6C-7DBA-4F06-9165-295EAD3829C9}"
EndProject
Global
	GlobalSection(SolutionConfigurationPlatforms) = preSolution
		Debug|Any CPU = Debug|Any CPU
		Release|Any CPU = Release|Any CPU
	EndGlobalSection
	GlobalSection(ProjectConfigurationPlatforms) = postSolution
		{6729A51B-A7D9-43F3-8F48-D55478254AB7}.Debug|Any CPU.ActiveCfg = Debug|Any CPU
		{6729A51B-A7D9-43F3-8F48-D55478254AB7}.Debug|Any CPU.Build.0 = Debug|Any CPU
		{6729A51B-A7D9-43F3-8F48-D55478254AB7}.Release|Any CPU.ActiveCfg = Release|Any CPU
		{6729A51B-A7D9-43F3-8F48-D55478254AB7}.Release|Any CPU.Build.0 = Release|Any CPU
		{2096C1D4-5C89-46D5-874A-66E78C9E5A98}.Debug|Any CPU.ActiveCfg = Debug|Any CPU
		{2096C1D4-5C89-46D5-874A-66E78C9E5A98}.Debug|Any CPU.Build.0 = Debug|Any CPU
		{2096C1D4-5C89-46D5-874A-66E78C9E5A98}.Release|Any CPU.ActiveCfg = Release|Any CPU
		{2096C1D4-5C89-46D5-874A-66E78C9E5A98}.Release|Any CPU.Build.0 = Release|Any CPU
		{9BFE1F4E-C2F4-49FC-917E-BE25C0F42D84}.Debug|Any CPU.ActiveCfg = Debug|Any CPU
		{9BFE1F4E-C2F4-49FC-917E-BE25C0F42D84}.Debug|Any CPU.Build.0 = Debug|Any CPU
		{9BFE1F4E-C2F4-49FC-917E-BE25C0F42D84}.Release|Any CPU.ActiveCfg = Release|Any CPU
		{9BFE1F4E-C2F4-49FC-917E-BE25C0F42D84}.Release|Any CPU.Build.0 = Release|Any CPU
		{BEA2C25F-0551-4AFC-9961-7DB934724FF1}.Debug|Any CPU.ActiveCfg = Debug|Any CPU
		{BEA2C25F-0551-4AFC-9961-7DB934724FF1}.Debug|Any CPU.Build.0 = Debug|Any CPU
		{BEA2C25F-0551-4AFC-9961-7DB934724FF1}.Release|Any CPU.ActiveCfg = Release|Any CPU
		{BEA2C25F-0551-4AFC-9961-7DB934724FF1}.Release|Any CPU.Build.0 = Release|Any CPU
		{2952A3E3-8831-419B-B14C-448C409961A7}.Debug|Any CPU.ActiveCfg = Debug|Any CPU
		{2952A3E3-8831-419B-B14C-448C409961A7}.Debug|Any CPU.Build.0 = Debug|Any CPU
		{2952A3E3-8831-419B-B14C-448C409961A7}.Release|Any CPU.ActiveCfg = Release|Any CPU
		{2952A3E3-8831-419B-B14C-448C409961A7}.Release|Any CPU.Build.0 = Release|Any CPU
		{120F561D-5670-4C80-8CAB-4D770204DC91}.Debug|Any CPU.ActiveCfg = Debug|Any CPU
		{120F561D-5670-4C80-8CAB-4D770204DC91}.Debug|Any CPU.Build.0 = Debug|Any CPU
		{120F561D-5670-4C80-8CAB-4D770204DC91}.Release|Any CPU.ActiveCfg = Release|Any CPU
		{120F561D-5670-4C80-8CAB-4D770204DC91}.Release|Any CPU.Build.0 = Release|Any CPU
		{395F9DF7-AE5A-403E-BE7A-4AF045B21BB3}.Debug|Any CPU.ActiveCfg = Debug|Any CPU
		{395F9DF7-AE5A-403E-BE7A-4AF045B21BB3}.Debug|Any CPU.Build.0 = Debug|Any CPU
		{395F9DF7-AE5A-403E-BE7A-4AF045B21BB3}.Release|Any CPU.ActiveCfg = Release|Any CPU
		{395F9DF7-AE5A-403E-BE7A-4AF045B21BB3}.Release|Any CPU.Build.0 = Release|Any CPU
		{0E9145DB-CC70-44F9-B52B-1D7D4C2B2E5F}.Debug|Any CPU.ActiveCfg = Debug|Any CPU
		{0E9145DB-CC70-44F9-B52B-1D7D4C2B2E5F}.Debug|Any CPU.Build.0 = Debug|Any CPU
		{0E9145DB-CC70-44F9-B52B-1D7D4C2B2E5F}.Release|Any CPU.ActiveCfg = Release|Any CPU
		{0E9145DB-CC70-44F9-B52B-1D7D4C2B2E5F}.Release|Any CPU.Build.0 = Release|Any CPU
		{546267CD-BE21-44E1-A06E-C7558864EE4F}.Debug|Any CPU.ActiveCfg = Debug|Any CPU
		{546267CD-BE21-44E1-A06E-C7558864EE4F}.Debug|Any CPU.Build.0 = Debug|Any CPU
		{546267CD-BE21-44E1-A06E-C7558864EE4F}.Release|Any CPU.ActiveCfg = Release|Any CPU
		{546267CD-BE21-44E1-A06E-C7558864EE4F}.Release|Any CPU.Build.0 = Release|Any CPU
		{05150B7D-54DB-40AB-8BBB-0C34ACC27CE5}.Debug|Any CPU.ActiveCfg = Debug|Any CPU
		{05150B7D-54DB-40AB-8BBB-0C34ACC27CE5}.Debug|Any CPU.Build.0 = Debug|Any CPU
		{05150B7D-54DB-40AB-8BBB-0C34ACC27CE5}.Release|Any CPU.ActiveCfg = Release|Any CPU
		{05150B7D-54DB-40AB-8BBB-0C34ACC27CE5}.Release|Any CPU.Build.0 = Release|Any CPU
		{DE109531-37EB-41AB-A228-F93A4B157475}.Debug|Any CPU.ActiveCfg = Debug|Any CPU
		{DE109531-37EB-41AB-A228-F93A4B157475}.Debug|Any CPU.Build.0 = Debug|Any CPU
		{DE109531-37EB-41AB-A228-F93A4B157475}.Release|Any CPU.ActiveCfg = Release|Any CPU
		{DE109531-37EB-41AB-A228-F93A4B157475}.Release|Any CPU.Build.0 = Release|Any CPU
		{A29115B9-30E4-4967-AD5A-C32394B8A64C}.Debug|Any CPU.ActiveCfg = Debug|Any CPU
		{A29115B9-30E4-4967-AD5A-C32394B8A64C}.Debug|Any CPU.Build.0 = Debug|Any CPU
		{A29115B9-30E4-4967-AD5A-C32394B8A64C}.Release|Any CPU.ActiveCfg = Release|Any CPU
		{A29115B9-30E4-4967-AD5A-C32394B8A64C}.Release|Any CPU.Build.0 = Release|Any CPU
		{03D5E439-393F-4E03-BA8F-AD3462397B38}.Debug|Any CPU.ActiveCfg = Debug|Any CPU
		{03D5E439-393F-4E03-BA8F-AD3462397B38}.Debug|Any CPU.Build.0 = Debug|Any CPU
		{03D5E439-393F-4E03-BA8F-AD3462397B38}.Release|Any CPU.ActiveCfg = Release|Any CPU
		{03D5E439-393F-4E03-BA8F-AD3462397B38}.Release|Any CPU.Build.0 = Release|Any CPU
		{C48191D1-640C-4640-9AE3-832A8E426B10}.Debug|Any CPU.ActiveCfg = Debug|Any CPU
		{C48191D1-640C-4640-9AE3-832A8E426B10}.Debug|Any CPU.Build.0 = Debug|Any CPU
		{C48191D1-640C-4640-9AE3-832A8E426B10}.Release|Any CPU.ActiveCfg = Release|Any CPU
		{C48191D1-640C-4640-9AE3-832A8E426B10}.Release|Any CPU.Build.0 = Release|Any CPU
		{8648122C-EE91-4B3B-98CD-355C3F1B9FDF}.Debug|Any CPU.ActiveCfg = Debug|Any CPU
		{8648122C-EE91-4B3B-98CD-355C3F1B9FDF}.Debug|Any CPU.Build.0 = Debug|Any CPU
		{8648122C-EE91-4B3B-98CD-355C3F1B9FDF}.Release|Any CPU.ActiveCfg = Release|Any CPU
		{8648122C-EE91-4B3B-98CD-355C3F1B9FDF}.Release|Any CPU.Build.0 = Release|Any CPU
		{47C6EA6C-7DBA-4F06-9165-295EAD3829C9}.Debug|Any CPU.ActiveCfg = Debug|Any CPU
		{47C6EA6C-7DBA-4F06-9165-295EAD3829C9}.Debug|Any CPU.Build.0 = Debug|Any CPU
		{47C6EA6C-7DBA-4F06-9165-295EAD3829C9}.Release|Any CPU.ActiveCfg = Release|Any CPU
		{47C6EA6C-7DBA-4F06-9165-295EAD3829C9}.Release|Any CPU.Build.0 = Release|Any CPU
	EndGlobalSection
	GlobalSection(SolutionProperties) = preSolution
		HideSolutionNode = FALSE
	EndGlobalSection
	GlobalSection(NestedProjects) = preSolution
		{6729A51B-A7D9-43F3-8F48-D55478254AB7} = {187AC294-0420-4726-808B-ED49148C0632}
		{2096C1D4-5C89-46D5-874A-66E78C9E5A98} = {187AC294-0420-4726-808B-ED49148C0632}
		{9BFE1F4E-C2F4-49FC-917E-BE25C0F42D84} = {187AC294-0420-4726-808B-ED49148C0632}
		{BEA2C25F-0551-4AFC-9961-7DB934724FF1} = {187AC294-0420-4726-808B-ED49148C0632}
		{2952A3E3-8831-419B-B14C-448C409961A7} = {187AC294-0420-4726-808B-ED49148C0632}
		{120F561D-5670-4C80-8CAB-4D770204DC91} = {187AC294-0420-4726-808B-ED49148C0632}
		{AFE7085F-051E-4829-955F-3426FE643BDD} = {187AC294-0420-4726-808B-ED49148C0632}
		{395F9DF7-AE5A-403E-BE7A-4AF045B21BB3} = {187AC294-0420-4726-808B-ED49148C0632}
		{0E9145DB-CC70-44F9-B52B-1D7D4C2B2E5F} = {187AC294-0420-4726-808B-ED49148C0632}
		{546267CD-BE21-44E1-A06E-C7558864EE4F} = {187AC294-0420-4726-808B-ED49148C0632}
		{05150B7D-54DB-40AB-8BBB-0C34ACC27CE5} = {187AC294-0420-4726-808B-ED49148C0632}
		{DE109531-37EB-41AB-A228-F93A4B157475} = {187AC294-0420-4726-808B-ED49148C0632}
		{A29115B9-30E4-4967-AD5A-C32394B8A64C} = {187AC294-0420-4726-808B-ED49148C0632}
		{03D5E439-393F-4E03-BA8F-AD3462397B38} = {AFE7085F-051E-4829-955F-3426FE643BDD}
		{C48191D1-640C-4640-9AE3-832A8E426B10} = {187AC294-0420-4726-808B-ED49148C0632}
		{8648122C-EE91-4B3B-98CD-355C3F1B9FDF} = {187AC294-0420-4726-808B-ED49148C0632}
		{47C6EA6C-7DBA-4F06-9165-295EAD3829C9} = {187AC294-0420-4726-808B-ED49148C0632}
	EndGlobalSection
EndGlobal
