
Microsoft Visual Studio Solution File, Format Version 12.00
# Visual Studio 14
VisualStudioVersion = 14.0.24720.0
MinimumVisualStudioVersion = 10.0.40219.1
Project("{2150E333-8FDC-42A3-9474-1A3956D46DE8}") = "src", "src", "{187AC294-0420-4726-808B-ED49148C0632}"
EndProject
Project("{2150E333-8FDC-42A3-9474-1A3956D46DE8}") = "Solution Items", "Solution Items", "{179A2A2C-3B3D-437C-B5F3-3B81472C8335}"
	ProjectSection(SolutionItems) = preProject
		global.json = global.json
	EndProjectSection
EndProject
Project("{8BB2217D-0F2D-49D1-97BC-3654ED321F3B}") = "Console Client Credentials Flow", "src\ConsoleClientCredentialsFlow\Console Client Credentials Flow.xproj", "{6729A51B-A7D9-43F3-8F48-D55478254AB7}"
EndProject
Project("{8BB2217D-0F2D-49D1-97BC-3654ED321F3B}") = "Constants", "src\Constants\Constants.xproj", "{2096C1D4-5C89-46D5-874A-66E78C9E5A98}"
EndProject
Project("{8BB2217D-0F2D-49D1-97BC-3654ED321F3B}") = "Console ResourceOwner Flow", "src\ConsoleResourceOwnerFlow\Console ResourceOwner Flow.xproj", "{9BFE1F4E-C2F4-49FC-917E-BE25C0F42D84}"
EndProject
Project("{8BB2217D-0F2D-49D1-97BC-3654ED321F3B}") = "Console ClientCredentials Flow PostBody", "src\ConsoleClientCredentialsFlowPostBody\Console ClientCredentials Flow PostBody.xproj", "{BEA2C25F-0551-4AFC-9961-7DB934724FF1}"
EndProject
Project("{8BB2217D-0F2D-49D1-97BC-3654ED321F3B}") = "Console ResourceOwner Flow RefreshToken", "src\ConsoleResourceOwnerFlowRefreshToken\Console ResourceOwner Flow RefreshToken.xproj", "{2952A3E3-8831-419B-B14C-448C409961A7}"
EndProject
Project("{8BB2217D-0F2D-49D1-97BC-3654ED321F3B}") = "Console ResourceOwner Flow UserInfo", "src\ConsoleResourceOwnerFlowUserInfo\Console ResourceOwner Flow UserInfo.xproj", "{120F561D-5670-4C80-8CAB-4D770204DC91}"
EndProject
Global
	GlobalSection(SolutionConfigurationPlatforms) = preSolution
		Debug|Any CPU = Debug|Any CPU
		Release|Any CPU = Release|Any CPU
	EndGlobalSection
	GlobalSection(ProjectConfigurationPlatforms) = postSolution
		{6729A51B-A7D9-43F3-8F48-D55478254AB7}.Debug|Any CPU.ActiveCfg = Debug|Any CPU
		{6729A51B-A7D9-43F3-8F48-D55478254AB7}.Debug|Any CPU.Build.0 = Debug|Any CPU
		{6729A51B-A7D9-43F3-8F48-D55478254AB7}.Release|Any CPU.ActiveCfg = Release|Any CPU
		{6729A51B-A7D9-43F3-8F48-D55478254AB7}.Release|Any CPU.Build.0 = Release|Any CPU
		{2096C1D4-5C89-46D5-874A-66E78C9E5A98}.Debug|Any CPU.ActiveCfg = Debug|Any CPU
		{2096C1D4-5C89-46D5-874A-66E78C9E5A98}.Debug|Any CPU.Build.0 = Debug|Any CPU
		{2096C1D4-5C89-46D5-874A-66E78C9E5A98}.Release|Any CPU.ActiveCfg = Release|Any CPU
		{2096C1D4-5C89-46D5-874A-66E78C9E5A98}.Release|Any CPU.Build.0 = Release|Any CPU
		{9BFE1F4E-C2F4-49FC-917E-BE25C0F42D84}.Debug|Any CPU.ActiveCfg = Debug|Any CPU
		{9BFE1F4E-C2F4-49FC-917E-BE25C0F42D84}.Debug|Any CPU.Build.0 = Debug|Any CPU
		{9BFE1F4E-C2F4-49FC-917E-BE25C0F42D84}.Release|Any CPU.ActiveCfg = Release|Any CPU
		{9BFE1F4E-C2F4-49FC-917E-BE25C0F42D84}.Release|Any CPU.Build.0 = Release|Any CPU
		{BEA2C25F-0551-4AFC-9961-7DB934724FF1}.Debug|Any CPU.ActiveCfg = Debug|Any CPU
		{BEA2C25F-0551-4AFC-9961-7DB934724FF1}.Debug|Any CPU.Build.0 = Debug|Any CPU
		{BEA2C25F-0551-4AFC-9961-7DB934724FF1}.Release|Any CPU.ActiveCfg = Release|Any CPU
		{BEA2C25F-0551-4AFC-9961-7DB934724FF1}.Release|Any CPU.Build.0 = Release|Any CPU
		{2952A3E3-8831-419B-B14C-448C409961A7}.Debug|Any CPU.ActiveCfg = Debug|Any CPU
		{2952A3E3-8831-419B-B14C-448C409961A7}.Debug|Any CPU.Build.0 = Debug|Any CPU
		{2952A3E3-8831-419B-B14C-448C409961A7}.Release|Any CPU.ActiveCfg = Release|Any CPU
		{2952A3E3-8831-419B-B14C-448C409961A7}.Release|Any CPU.Build.0 = Release|Any CPU
		{120F561D-5670-4C80-8CAB-4D770204DC91}.Debug|Any CPU.ActiveCfg = Debug|Any CPU
		{120F561D-5670-4C80-8CAB-4D770204DC91}.Debug|Any CPU.Build.0 = Debug|Any CPU
		{120F561D-5670-4C80-8CAB-4D770204DC91}.Release|Any CPU.ActiveCfg = Release|Any CPU
		{120F561D-5670-4C80-8CAB-4D770204DC91}.Release|Any CPU.Build.0 = Release|Any CPU
	EndGlobalSection
	GlobalSection(SolutionProperties) = preSolution
		HideSolutionNode = FALSE
	EndGlobalSection
	GlobalSection(NestedProjects) = preSolution
		{6729A51B-A7D9-43F3-8F48-D55478254AB7} = {187AC294-0420-4726-808B-ED49148C0632}
		{2096C1D4-5C89-46D5-874A-66E78C9E5A98} = {187AC294-0420-4726-808B-ED49148C0632}
		{9BFE1F4E-C2F4-49FC-917E-BE25C0F42D84} = {187AC294-0420-4726-808B-ED49148C0632}
		{BEA2C25F-0551-4AFC-9961-7DB934724FF1} = {187AC294-0420-4726-808B-ED49148C0632}
		{2952A3E3-8831-419B-B14C-448C409961A7} = {187AC294-0420-4726-808B-ED49148C0632}
		{120F561D-5670-4C80-8CAB-4D770204DC91} = {187AC294-0420-4726-808B-ED49148C0632}
	EndGlobalSection
EndGlobal
