
Microsoft Visual Studio Solution File, Format Version 12.00
# Visual Studio 14
VisualStudioVersion = 14.0.25123.0
MinimumVisualStudioVersion = 10.0.40219.1
Project("{2150E333-8FDC-42A3-9474-1A3956D46DE8}") = "src", "src", "{FA520936-A32A-4594-9ECE-F9CBE438F37E}"
EndProject
Project("{2150E333-8FDC-42A3-9474-1A3956D46DE8}") = "Solution Items", "Solution Items", "{1AF03D14-F140-49C0-AC32-967493A14839}"
	ProjectSection(SolutionItems) = preProject
		global.json = global.json
	EndProjectSection
EndProject
Project("{8BB2217D-0F2D-49D1-97BC-3654ED321F3B}") = "SpaWithAspId3AndIdSvr4", "src\SpaWithAspId3AndIdSvr4\SpaWithAspId3AndIdSvr4.xproj", "{CF839F06-FB45-43DF-80C7-F6FC9A2603DA}"
EndProject
Global
	GlobalSection(SolutionConfigurationPlatforms) = preSolution
		Debug|Any CPU = Debug|Any CPU
		Release|Any CPU = Release|Any CPU
	EndGlobalSection
	GlobalSection(ProjectConfigurationPlatforms) = postSolution
		{CF839F06-FB45-43DF-80C7-F6FC9A2603DA}.Debug|Any CPU.ActiveCfg = Debug|Any CPU
		{CF839F06-FB45-43DF-80C7-F6FC9A2603DA}.Debug|Any CPU.Build.0 = Debug|Any CPU
		{CF839F06-FB45-43DF-80C7-F6FC9A2603DA}.Release|Any CPU.ActiveCfg = Release|Any CPU
		{CF839F06-FB45-43DF-80C7-F6FC9A2603DA}.Release|Any CPU.Build.0 = Release|Any CPU
	EndGlobalSection
	GlobalSection(SolutionProperties) = preSolution
		HideSolutionNode = FALSE
	EndGlobalSection
	GlobalSection(NestedProjects) = preSolution
		{CF839F06-FB45-43DF-80C7-F6FC9A2603DA} = {FA520936-A32A-4594-9ECE-F9CBE438F37E}
	EndGlobalSection
EndGlobal
